
Microsoft Visual Studio Solution File, Format Version 12.00
# Visual Studio Version 16
VisualStudioVersion = 16.0.29920.165
MinimumVisualStudioVersion = 10.0.40219.1
Project("{FAE04EC0-301F-11D3-BF4B-00C04F79EFBC}") = "02. Array Modifier", "02. Array Modifier\02. Array Modifier.csproj", "{0ECF9E33-F6CD-4DEF-A930-D06681915A86}"
EndProject
Project("{FAE04EC0-301F-11D3-BF4B-00C04F79EFBC}") = "03. Numbers", "03. Numbers\03. Numbers.csproj", "{2047874D-DF3E-474D-A4C9-1384AF7E42F2}"
EndProject
Global
	GlobalSection(SolutionConfigurationPlatforms) = preSolution
		Debug|Any CPU = Debug|Any CPU
		Release|Any CPU = Release|Any CPU
	EndGlobalSection
	GlobalSection(ProjectConfigurationPlatforms) = postSolution
		{0ECF9E33-F6CD-4DEF-A930-D06681915A86}.Debug|Any CPU.ActiveCfg = Debug|Any CPU
		{0ECF9E33-F6CD-4DEF-A930-D06681915A86}.Debug|Any CPU.Build.0 = Debug|Any CPU
		{0ECF9E33-F6CD-4DEF-A930-D06681915A86}.Release|Any CPU.ActiveCfg = Release|Any CPU
		{0ECF9E33-F6CD-4DEF-A930-D06681915A86}.Release|Any CPU.Build.0 = Release|Any CPU
		{2047874D-DF3E-474D-A4C9-1384AF7E42F2}.Debug|Any CPU.ActiveCfg = Debug|Any CPU
		{2047874D-DF3E-474D-A4C9-1384AF7E42F2}.Debug|Any CPU.Build.0 = Debug|Any CPU
		{2047874D-DF3E-474D-A4C9-1384AF7E42F2}.Release|Any CPU.ActiveCfg = Release|Any CPU
		{2047874D-DF3E-474D-A4C9-1384AF7E42F2}.Release|Any CPU.Build.0 = Release|Any CPU
	EndGlobalSection
	GlobalSection(SolutionProperties) = preSolution
		HideSolutionNode = FALSE
	EndGlobalSection
	GlobalSection(ExtensibilityGlobals) = postSolution
		SolutionGuid = {C2D2BAA1-5345-4935-B3B0-7F31D57D31AC}
	EndGlobalSection
EndGlobal
