
Microsoft Visual Studio Solution File, Format Version 12.00
# Visual Studio Version 16
VisualStudioVersion = 16.0.29920.165
MinimumVisualStudioVersion = 10.0.40219.1
Project("{FAE04EC0-301F-11D3-BF4B-00C04F79EFBC}") = "01. Easter Cozonacs", "01. Easter Cozonacs\01. Easter Cozonacs.csproj", "{802D0759-D4FF-4FE1-9E70-7675FAB6F48A}"
EndProject
Project("{FAE04EC0-301F-11D3-BF4B-00C04F79EFBC}") = "02. Easter Gifts", "02. Easter Gifts\02. Easter Gifts.csproj", "{939EC56D-42C4-46DC-8483-AC371D18B98D}"
EndProject
Project("{FAE04EC0-301F-11D3-BF4B-00C04F79EFBC}") = "03. Easter Shopping", "03. Easter Shopping\03. Easter Shopping.csproj", "{4532CA92-06F0-4BAC-B00B-3C1D11238283}"
EndProject
Global
	GlobalSection(SolutionConfigurationPlatforms) = preSolution
		Debug|Any CPU = Debug|Any CPU
		Release|Any CPU = Release|Any CPU
	EndGlobalSection
	GlobalSection(ProjectConfigurationPlatforms) = postSolution
		{802D0759-D4FF-4FE1-9E70-7675FAB6F48A}.Debug|Any CPU.ActiveCfg = Debug|Any CPU
		{802D0759-D4FF-4FE1-9E70-7675FAB6F48A}.Debug|Any CPU.Build.0 = Debug|Any CPU
		{802D0759-D4FF-4FE1-9E70-7675FAB6F48A}.Release|Any CPU.ActiveCfg = Release|Any CPU
		{802D0759-D4FF-4FE1-9E70-7675FAB6F48A}.Release|Any CPU.Build.0 = Release|Any CPU
		{939EC56D-42C4-46DC-8483-AC371D18B98D}.Debug|Any CPU.ActiveCfg = Debug|Any CPU
		{939EC56D-42C4-46DC-8483-AC371D18B98D}.Debug|Any CPU.Build.0 = Debug|Any CPU
		{939EC56D-42C4-46DC-8483-AC371D18B98D}.Release|Any CPU.ActiveCfg = Release|Any CPU
		{939EC56D-42C4-46DC-8483-AC371D18B98D}.Release|Any CPU.Build.0 = Release|Any CPU
		{4532CA92-06F0-4BAC-B00B-3C1D11238283}.Debug|Any CPU.ActiveCfg = Debug|Any CPU
		{4532CA92-06F0-4BAC-B00B-3C1D11238283}.Debug|Any CPU.Build.0 = Debug|Any CPU
		{4532CA92-06F0-4BAC-B00B-3C1D11238283}.Release|Any CPU.ActiveCfg = Release|Any CPU
		{4532CA92-06F0-4BAC-B00B-3C1D11238283}.Release|Any CPU.Build.0 = Release|Any CPU
	EndGlobalSection
	GlobalSection(SolutionProperties) = preSolution
		HideSolutionNode = FALSE
	EndGlobalSection
	GlobalSection(ExtensibilityGlobals) = postSolution
		SolutionGuid = {DED479D1-91DC-4C19-842D-990B93567B8C}
	EndGlobalSection
EndGlobal
